// !$*UTF8*$!
{
	archiveVersion = 1;
	classes = {
	};
	objectVersion = 56;
	objects = {

/* Begin PBXBuildFile section */
		08D5ED822A15FFE50053EDC3 /* AnimatedSetApp.swift in Sources */ = {isa = PBXBuildFile; fileRef = 08D5ED812A15FFE50053EDC3 /* AnimatedSetApp.swift */; };
		08D5ED862A15FFE60053EDC3 /* Assets.xcassets in Resources */ = {isa = PBXBuildFile; fileRef = 08D5ED852A15FFE60053EDC3 /* Assets.xcassets */; };
		08D5ED892A15FFE60053EDC3 /* Preview Assets.xcassets in Resources */ = {isa = PBXBuildFile; fileRef = 08D5ED882A15FFE60053EDC3 /* Preview Assets.xcassets */; };
		08D5ED942A1600380053EDC3 /* Sequence.swift in Sources */ = {isa = PBXBuildFile; fileRef = 08D5ED932A1600380053EDC3 /* Sequence.swift */; };
		08D5ED972A1600630053EDC3 /* SetDeck.swift in Sources */ = {isa = PBXBuildFile; fileRef = 08D5ED962A1600630053EDC3 /* SetDeck.swift */; };
		08D5ED992A16007E0053EDC3 /* SetCard.swift in Sources */ = {isa = PBXBuildFile; fileRef = 08D5ED982A16007E0053EDC3 /* SetCard.swift */; };
		08D5ED9B2A16013C0053EDC3 /* SetSelection.swift in Sources */ = {isa = PBXBuildFile; fileRef = 08D5ED9A2A16013C0053EDC3 /* SetSelection.swift */; };
		08D5ED9D2A1601550053EDC3 /* SetGame.swift in Sources */ = {isa = PBXBuildFile; fileRef = 08D5ED9C2A1601550053EDC3 /* SetGame.swift */; };
		08D5EDA02A16019F0053EDC3 /* Card.swift in Sources */ = {isa = PBXBuildFile; fileRef = 08D5ED9F2A16019F0053EDC3 /* Card.swift */; };
		08D5EDA22A1601AF0053EDC3 /* Deck.swift in Sources */ = {isa = PBXBuildFile; fileRef = 08D5EDA12A1601AF0053EDC3 /* Deck.swift */; };
		08D5EDA42A1601C60053EDC3 /* SetCardViewModel.swift in Sources */ = {isa = PBXBuildFile; fileRef = 08D5EDA32A1601C60053EDC3 /* SetCardViewModel.swift */; };
		08D5EDA62A1601E10053EDC3 /* SetViewModel.swift in Sources */ = {isa = PBXBuildFile; fileRef = 08D5EDA52A1601E10053EDC3 /* SetViewModel.swift */; };
		08D5EDA92A1602740053EDC3 /* Diamond.swift in Sources */ = {isa = PBXBuildFile; fileRef = 08D5EDA82A1602740053EDC3 /* Diamond.swift */; };
		08D5EDAB2A1602830053EDC3 /* Oval.swift in Sources */ = {isa = PBXBuildFile; fileRef = 08D5EDAA2A1602830053EDC3 /* Oval.swift */; };
		08D5EDAD2A16029D0053EDC3 /* Squiggle.swift in Sources */ = {isa = PBXBuildFile; fileRef = 08D5EDAC2A16029D0053EDC3 /* Squiggle.swift */; };
		08D5EDB02A1604080053EDC3 /* StripedView.swift in Sources */ = {isa = PBXBuildFile; fileRef = 08D5EDAF2A1604080053EDC3 /* StripedView.swift */; };
		08D5EDB22A16045B0053EDC3 /* TopBarView.swift in Sources */ = {isa = PBXBuildFile; fileRef = 08D5EDB12A16045B0053EDC3 /* TopBarView.swift */; };
		08D5EDB42A1604720053EDC3 /* ActionBarView.swift in Sources */ = {isa = PBXBuildFile; fileRef = 08D5EDB32A1604720053EDC3 /* ActionBarView.swift */; };
		08D5EDB72A1604970053EDC3 /* AspectVGrid.swift in Sources */ = {isa = PBXBuildFile; fileRef = 08D5EDB62A1604970053EDC3 /* AspectVGrid.swift */; };
		08D5EDB92A1604DA0053EDC3 /* CardView.swift in Sources */ = {isa = PBXBuildFile; fileRef = 08D5EDB82A1604DA0053EDC3 /* CardView.swift */; };
		08D5EDBB2A1604FC0053EDC3 /* ShapeView.swift in Sources */ = {isa = PBXBuildFile; fileRef = 08D5EDBA2A1604FC0053EDC3 /* ShapeView.swift */; };
		08D5EDBD2A16056A0053EDC3 /* SetView.swift in Sources */ = {isa = PBXBuildFile; fileRef = 08D5EDBC2A16056A0053EDC3 /* SetView.swift */; };
		08D5EDC02A169FA20053EDC3 /* Cardify.swift in Sources */ = {isa = PBXBuildFile; fileRef = 08D5EDBF2A169FA20053EDC3 /* Cardify.swift */; };
/* End PBXBuildFile section */

/* Begin PBXFileReference section */
		08D5ED7E2A15FFE50053EDC3 /* AnimatedSet.app */ = {isa = PBXFileReference; explicitFileType = wrapper.application; includeInIndex = 0; path = AnimatedSet.app; sourceTree = BUILT_PRODUCTS_DIR; };
		08D5ED812A15FFE50053EDC3 /* AnimatedSetApp.swift */ = {isa = PBXFileReference; lastKnownFileType = sourcecode.swift; path = AnimatedSetApp.swift; sourceTree = "<group>"; };
		08D5ED852A15FFE60053EDC3 /* Assets.xcassets */ = {isa = PBXFileReference; lastKnownFileType = folder.assetcatalog; path = Assets.xcassets; sourceTree = "<group>"; };
		08D5ED882A15FFE60053EDC3 /* Preview Assets.xcassets */ = {isa = PBXFileReference; lastKnownFileType = folder.assetcatalog; path = "Preview Assets.xcassets"; sourceTree = "<group>"; };
		08D5ED932A1600380053EDC3 /* Sequence.swift */ = {isa = PBXFileReference; lastKnownFileType = sourcecode.swift; path = Sequence.swift; sourceTree = "<group>"; };
		08D5ED962A1600630053EDC3 /* SetDeck.swift */ = {isa = PBXFileReference; lastKnownFileType = sourcecode.swift; path = SetDeck.swift; sourceTree = "<group>"; };
		08D5ED982A16007E0053EDC3 /* SetCard.swift */ = {isa = PBXFileReference; lastKnownFileType = sourcecode.swift; path = SetCard.swift; sourceTree = "<group>"; };
		08D5ED9A2A16013C0053EDC3 /* SetSelection.swift */ = {isa = PBXFileReference; lastKnownFileType = sourcecode.swift; path = SetSelection.swift; sourceTree = "<group>"; };
		08D5ED9C2A1601550053EDC3 /* SetGame.swift */ = {isa = PBXFileReference; lastKnownFileType = sourcecode.swift; path = SetGame.swift; sourceTree = "<group>"; };
		08D5ED9F2A16019F0053EDC3 /* Card.swift */ = {isa = PBXFileReference; lastKnownFileType = sourcecode.swift; path = Card.swift; sourceTree = "<group>"; };
		08D5EDA12A1601AF0053EDC3 /* Deck.swift */ = {isa = PBXFileReference; lastKnownFileType = sourcecode.swift; path = Deck.swift; sourceTree = "<group>"; };
		08D5EDA32A1601C60053EDC3 /* SetCardViewModel.swift */ = {isa = PBXFileReference; lastKnownFileType = sourcecode.swift; path = SetCardViewModel.swift; sourceTree = "<group>"; };
		08D5EDA52A1601E10053EDC3 /* SetViewModel.swift */ = {isa = PBXFileReference; lastKnownFileType = sourcecode.swift; path = SetViewModel.swift; sourceTree = "<group>"; };
		08D5EDA82A1602740053EDC3 /* Diamond.swift */ = {isa = PBXFileReference; lastKnownFileType = sourcecode.swift; path = Diamond.swift; sourceTree = "<group>"; };
		08D5EDAA2A1602830053EDC3 /* Oval.swift */ = {isa = PBXFileReference; lastKnownFileType = sourcecode.swift; path = Oval.swift; sourceTree = "<group>"; };
		08D5EDAC2A16029D0053EDC3 /* Squiggle.swift */ = {isa = PBXFileReference; lastKnownFileType = sourcecode.swift; path = Squiggle.swift; sourceTree = "<group>"; };
		08D5EDAF2A1604080053EDC3 /* StripedView.swift */ = {isa = PBXFileReference; lastKnownFileType = sourcecode.swift; path = StripedView.swift; sourceTree = "<group>"; };
		08D5EDB12A16045B0053EDC3 /* TopBarView.swift */ = {isa = PBXFileReference; lastKnownFileType = sourcecode.swift; path = TopBarView.swift; sourceTree = "<group>"; };
		08D5EDB32A1604720053EDC3 /* ActionBarView.swift */ = {isa = PBXFileReference; lastKnownFileType = sourcecode.swift; path = ActionBarView.swift; sourceTree = "<group>"; };
		08D5EDB62A1604970053EDC3 /* AspectVGrid.swift */ = {isa = PBXFileReference; lastKnownFileType = sourcecode.swift; path = AspectVGrid.swift; sourceTree = "<group>"; };
		08D5EDB82A1604DA0053EDC3 /* CardView.swift */ = {isa = PBXFileReference; lastKnownFileType = sourcecode.swift; path = CardView.swift; sourceTree = "<group>"; };
		08D5EDBA2A1604FC0053EDC3 /* ShapeView.swift */ = {isa = PBXFileReference; lastKnownFileType = sourcecode.swift; path = ShapeView.swift; sourceTree = "<group>"; };
		08D5EDBC2A16056A0053EDC3 /* SetView.swift */ = {isa = PBXFileReference; lastKnownFileType = sourcecode.swift; path = SetView.swift; sourceTree = "<group>"; };
		08D5EDBF2A169FA20053EDC3 /* Cardify.swift */ = {isa = PBXFileReference; lastKnownFileType = sourcecode.swift; path = Cardify.swift; sourceTree = "<group>"; };
/* End PBXFileReference section */

/* Begin PBXFrameworksBuildPhase section */
		08D5ED7B2A15FFE50053EDC3 /* Frameworks */ = {
			isa = PBXFrameworksBuildPhase;
			buildActionMask = 2147483647;
			files = (
			);
			runOnlyForDeploymentPostprocessing = 0;
		};
/* End PBXFrameworksBuildPhase section */

/* Begin PBXGroup section */
		08D5ED752A15FFE50053EDC3 = {
			isa = PBXGroup;
			children = (
				08D5ED802A15FFE50053EDC3 /* AnimatedSet */,
				08D5ED7F2A15FFE50053EDC3 /* Products */,
			);
			sourceTree = "<group>";
		};
		08D5ED7F2A15FFE50053EDC3 /* Products */ = {
			isa = PBXGroup;
			children = (
				08D5ED7E2A15FFE50053EDC3 /* AnimatedSet.app */,
			);
			name = Products;
			sourceTree = "<group>";
		};
		08D5ED802A15FFE50053EDC3 /* AnimatedSet */ = {
			isa = PBXGroup;
			children = (
				08D5ED8F2A16000A0053EDC3 /* Extensions */,
				08D5ED922A16001B0053EDC3 /* Model */,
				08D5ED902A1600140053EDC3 /* View */,
				08D5ED912A1600170053EDC3 /* ViewModel */,
				08D5ED812A15FFE50053EDC3 /* AnimatedSetApp.swift */,
				08D5ED852A15FFE60053EDC3 /* Assets.xcassets */,
				08D5ED872A15FFE60053EDC3 /* Preview Content */,
			);
			path = AnimatedSet;
			sourceTree = "<group>";
		};
		08D5ED872A15FFE60053EDC3 /* Preview Content */ = {
			isa = PBXGroup;
			children = (
				08D5ED882A15FFE60053EDC3 /* Preview Assets.xcassets */,
			);
			path = "Preview Content";
			sourceTree = "<group>";
		};
		08D5ED8F2A16000A0053EDC3 /* Extensions */ = {
			isa = PBXGroup;
			children = (
				08D5ED932A1600380053EDC3 /* Sequence.swift */,
			);
			path = Extensions;
			sourceTree = "<group>";
		};
		08D5ED902A1600140053EDC3 /* View */ = {
			isa = PBXGroup;
			children = (
				08D5EDBE2A169F990053EDC3 /* ViewModifier */,
				08D5EDB52A16048F0053EDC3 /* Grid */,
				08D5EDAE2A1603FE0053EDC3 /* Shading */,
				08D5EDA72A16026C0053EDC3 /* Shapes */,
				08D5EDB12A16045B0053EDC3 /* TopBarView.swift */,
				08D5EDB32A1604720053EDC3 /* ActionBarView.swift */,
				08D5EDB82A1604DA0053EDC3 /* CardView.swift */,
				08D5EDBA2A1604FC0053EDC3 /* ShapeView.swift */,
				08D5EDBC2A16056A0053EDC3 /* SetView.swift */,
			);
			path = View;
			sourceTree = "<group>";
		};
		08D5ED912A1600170053EDC3 /* ViewModel */ = {
			isa = PBXGroup;
			children = (
				08D5ED9E2A1601950053EDC3 /* DefaultSet */,
				08D5EDA32A1601C60053EDC3 /* SetCardViewModel.swift */,
				08D5EDA52A1601E10053EDC3 /* SetViewModel.swift */,
			);
			path = ViewModel;
			sourceTree = "<group>";
		};
		08D5ED922A16001B0053EDC3 /* Model */ = {
			isa = PBXGroup;
			children = (
				08D5ED952A16005A0053EDC3 /* Protocols */,
				08D5ED9A2A16013C0053EDC3 /* SetSelection.swift */,
				08D5ED9C2A1601550053EDC3 /* SetGame.swift */,
			);
			path = Model;
			sourceTree = "<group>";
		};
		08D5ED952A16005A0053EDC3 /* Protocols */ = {
			isa = PBXGroup;
			children = (
				08D5ED962A1600630053EDC3 /* SetDeck.swift */,
				08D5ED982A16007E0053EDC3 /* SetCard.swift */,
			);
			path = Protocols;
			sourceTree = "<group>";
		};
		08D5ED9E2A1601950053EDC3 /* DefaultSet */ = {
			isa = PBXGroup;
			children = (
				08D5ED9F2A16019F0053EDC3 /* Card.swift */,
				08D5EDA12A1601AF0053EDC3 /* Deck.swift */,
			);
			path = DefaultSet;
			sourceTree = "<group>";
		};
		08D5EDA72A16026C0053EDC3 /* Shapes */ = {
			isa = PBXGroup;
			children = (
				08D5EDA82A1602740053EDC3 /* Diamond.swift */,
				08D5EDAA2A1602830053EDC3 /* Oval.swift */,
				08D5EDAC2A16029D0053EDC3 /* Squiggle.swift */,
			);
			path = Shapes;
			sourceTree = "<group>";
		};
		08D5EDAE2A1603FE0053EDC3 /* Shading */ = {
			isa = PBXGroup;
			children = (
				08D5EDAF2A1604080053EDC3 /* StripedView.swift */,
			);
			path = Shading;
			sourceTree = "<group>";
		};
		08D5EDB52A16048F0053EDC3 /* Grid */ = {
			isa = PBXGroup;
			children = (
				08D5EDB62A1604970053EDC3 /* AspectVGrid.swift */,
			);
			path = Grid;
			sourceTree = "<group>";
		};
		08D5EDBE2A169F990053EDC3 /* ViewModifier */ = {
			isa = PBXGroup;
			children = (
				08D5EDBF2A169FA20053EDC3 /* Cardify.swift */,
			);
			path = ViewModifier;
			sourceTree = "<group>";
		};
/* End PBXGroup section */

/* Begin PBXNativeTarget section */
		08D5ED7D2A15FFE50053EDC3 /* AnimatedSet */ = {
			isa = PBXNativeTarget;
			buildConfigurationList = 08D5ED8C2A15FFE60053EDC3 /* Build configuration list for PBXNativeTarget "AnimatedSet" */;
			buildPhases = (
				08D5ED7A2A15FFE50053EDC3 /* Sources */,
				08D5ED7B2A15FFE50053EDC3 /* Frameworks */,
				08D5ED7C2A15FFE50053EDC3 /* Resources */,
			);
			buildRules = (
			);
			dependencies = (
			);
			name = AnimatedSet;
			productName = AnimatedSet;
			productReference = 08D5ED7E2A15FFE50053EDC3 /* AnimatedSet.app */;
			productType = "com.apple.product-type.application";
		};
/* End PBXNativeTarget section */

/* Begin PBXProject section */
		08D5ED762A15FFE50053EDC3 /* Project object */ = {
			isa = PBXProject;
			attributes = {
				BuildIndependentTargetsInParallel = 1;
				LastSwiftUpdateCheck = 1430;
				LastUpgradeCheck = 1430;
				TargetAttributes = {
					08D5ED7D2A15FFE50053EDC3 = {
						CreatedOnToolsVersion = 14.3;
					};
				};
			};
			buildConfigurationList = 08D5ED792A15FFE50053EDC3 /* Build configuration list for PBXProject "AnimatedSet" */;
			compatibilityVersion = "Xcode 14.0";
			developmentRegion = en;
			hasScannedForEncodings = 0;
			knownRegions = (
				en,
				Base,
			);
			mainGroup = 08D5ED752A15FFE50053EDC3;
			productRefGroup = 08D5ED7F2A15FFE50053EDC3 /* Products */;
			projectDirPath = "";
			projectRoot = "";
			targets = (
				08D5ED7D2A15FFE50053EDC3 /* AnimatedSet */,
			);
		};
/* End PBXProject section */

/* Begin PBXResourcesBuildPhase section */
		08D5ED7C2A15FFE50053EDC3 /* Resources */ = {
			isa = PBXResourcesBuildPhase;
			buildActionMask = 2147483647;
			files = (
				08D5ED892A15FFE60053EDC3 /* Preview Assets.xcassets in Resources */,
				08D5ED862A15FFE60053EDC3 /* Assets.xcassets in Resources */,
			);
			runOnlyForDeploymentPostprocessing = 0;
		};
/* End PBXResourcesBuildPhase section */

/* Begin PBXSourcesBuildPhase section */
		08D5ED7A2A15FFE50053EDC3 /* Sources */ = {
			isa = PBXSourcesBuildPhase;
			buildActionMask = 2147483647;
			files = (
				08D5EDA92A1602740053EDC3 /* Diamond.swift in Sources */,
				08D5EDB02A1604080053EDC3 /* StripedView.swift in Sources */,
				08D5EDA62A1601E10053EDC3 /* SetViewModel.swift in Sources */,
				08D5EDA22A1601AF0053EDC3 /* Deck.swift in Sources */,
				08D5ED992A16007E0053EDC3 /* SetCard.swift in Sources */,
				08D5ED822A15FFE50053EDC3 /* AnimatedSetApp.swift in Sources */,
				08D5EDB92A1604DA0053EDC3 /* CardView.swift in Sources */,
				08D5EDAB2A1602830053EDC3 /* Oval.swift in Sources */,
				08D5EDB72A1604970053EDC3 /* AspectVGrid.swift in Sources */,
				08D5EDBB2A1604FC0053EDC3 /* ShapeView.swift in Sources */,
				08D5ED942A1600380053EDC3 /* Sequence.swift in Sources */,
				08D5EDAD2A16029D0053EDC3 /* Squiggle.swift in Sources */,
				08D5ED972A1600630053EDC3 /* SetDeck.swift in Sources */,
				08D5ED9B2A16013C0053EDC3 /* SetSelection.swift in Sources */,
				08D5ED9D2A1601550053EDC3 /* SetGame.swift in Sources */,
				08D5EDC02A169FA20053EDC3 /* Cardify.swift in Sources */,
				08D5EDBD2A16056A0053EDC3 /* SetView.swift in Sources */,
				08D5EDA02A16019F0053EDC3 /* Card.swift in Sources */,
				08D5EDB22A16045B0053EDC3 /* TopBarView.swift in Sources */,
				08D5EDA42A1601C60053EDC3 /* SetCardViewModel.swift in Sources */,
				08D5EDB42A1604720053EDC3 /* ActionBarView.swift in Sources */,
			);
			runOnlyForDeploymentPostprocessing = 0;
		};
/* End PBXSourcesBuildPhase section */

/* Begin XCBuildConfiguration section */
		08D5ED8A2A15FFE60053EDC3 /* Debug */ = {
			isa = XCBuildConfiguration;
			buildSettings = {
				ALWAYS_SEARCH_USER_PATHS = NO;
				CLANG_ANALYZER_NONNULL = YES;
				CLANG_ANALYZER_NUMBER_OBJECT_CONVERSION = YES_AGGRESSIVE;
				CLANG_CXX_LANGUAGE_STANDARD = "gnu++20";
				CLANG_ENABLE_MODULES = YES;
				CLANG_ENABLE_OBJC_ARC = YES;
				CLANG_ENABLE_OBJC_WEAK = YES;
				CLANG_WARN_BLOCK_CAPTURE_AUTORELEASING = YES;
				CLANG_WARN_BOOL_CONVERSION = YES;
				CLANG_WARN_COMMA = YES;
				CLANG_WARN_CONSTANT_CONVERSION = YES;
				CLANG_WARN_DEPRECATED_OBJC_IMPLEMENTATIONS = YES;
				CLANG_WARN_DIRECT_OBJC_ISA_USAGE = YES_ERROR;
				CLANG_WARN_DOCUMENTATION_COMMENTS = YES;
				CLANG_WARN_EMPTY_BODY = YES;
				CLANG_WARN_ENUM_CONVERSION = YES;
				CLANG_WARN_INFINITE_RECURSION = YES;
				CLANG_WARN_INT_CONVERSION = YES;
				CLANG_WARN_NON_LITERAL_NULL_CONVERSION = YES;
				CLANG_WARN_OBJC_IMPLICIT_RETAIN_SELF = YES;
				CLANG_WARN_OBJC_LITERAL_CONVERSION = YES;
				CLANG_WARN_OBJC_ROOT_CLASS = YES_ERROR;
				CLANG_WARN_QUOTED_INCLUDE_IN_FRAMEWORK_HEADER = YES;
				CLANG_WARN_RANGE_LOOP_ANALYSIS = YES;
				CLANG_WARN_STRICT_PROTOTYPES = YES;
				CLANG_WARN_SUSPICIOUS_MOVE = YES;
				CLANG_WARN_UNGUARDED_AVAILABILITY = YES_AGGRESSIVE;
				CLANG_WARN_UNREACHABLE_CODE = YES;
				CLANG_WARN__DUPLICATE_METHOD_MATCH = YES;
				COPY_PHASE_STRIP = NO;
				DEBUG_INFORMATION_FORMAT = dwarf;
				ENABLE_STRICT_OBJC_MSGSEND = YES;
				ENABLE_TESTABILITY = YES;
				GCC_C_LANGUAGE_STANDARD = gnu11;
				GCC_DYNAMIC_NO_PIC = NO;
				GCC_NO_COMMON_BLOCKS = YES;
				GCC_OPTIMIZATION_LEVEL = 0;
				GCC_PREPROCESSOR_DEFINITIONS = (
					"DEBUG=1",
					"$(inherited)",
				);
				GCC_WARN_64_TO_32_BIT_CONVERSION = YES;
				GCC_WARN_ABOUT_RETURN_TYPE = YES_ERROR;
				GCC_WARN_UNDECLARED_SELECTOR = YES;
				GCC_WARN_UNINITIALIZED_AUTOS = YES_AGGRESSIVE;
				GCC_WARN_UNUSED_FUNCTION = YES;
				GCC_WARN_UNUSED_VARIABLE = YES;
				IPHONEOS_DEPLOYMENT_TARGET = 16.4;
				MTL_ENABLE_DEBUG_INFO = INCLUDE_SOURCE;
				MTL_FAST_MATH = YES;
				ONLY_ACTIVE_ARCH = YES;
				SDKROOT = iphoneos;
				SWIFT_ACTIVE_COMPILATION_CONDITIONS = DEBUG;
				SWIFT_OPTIMIZATION_LEVEL = "-Onone";
			};
			name = Debug;
		};
		08D5ED8B2A15FFE60053EDC3 /* Release */ = {
			isa = XCBuildConfiguration;
			buildSettings = {
				ALWAYS_SEARCH_USER_PATHS = NO;
				CLANG_ANALYZER_NONNULL = YES;
				CLANG_ANALYZER_NUMBER_OBJECT_CONVERSION = YES_AGGRESSIVE;
				CLANG_CXX_LANGUAGE_STANDARD = "gnu++20";
				CLANG_ENABLE_MODULES = YES;
				CLANG_ENABLE_OBJC_ARC = YES;
				CLANG_ENABLE_OBJC_WEAK = YES;
				CLANG_WARN_BLOCK_CAPTURE_AUTORELEASING = YES;
				CLANG_WARN_BOOL_CONVERSION = YES;
				CLANG_WARN_COMMA = YES;
				CLANG_WARN_CONSTANT_CONVERSION = YES;
				CLANG_WARN_DEPRECATED_OBJC_IMPLEMENTATIONS = YES;
				CLANG_WARN_DIRECT_OBJC_ISA_USAGE = YES_ERROR;
				CLANG_WARN_DOCUMENTATION_COMMENTS = YES;
				CLANG_WARN_EMPTY_BODY = YES;
				CLANG_WARN_ENUM_CONVERSION = YES;
				CLANG_WARN_INFINITE_RECURSION = YES;
				CLANG_WARN_INT_CONVERSION = YES;
				CLANG_WARN_NON_LITERAL_NULL_CONVERSION = YES;
				CLANG_WARN_OBJC_IMPLICIT_RETAIN_SELF = YES;
				CLANG_WARN_OBJC_LITERAL_CONVERSION = YES;
				CLANG_WARN_OBJC_ROOT_CLASS = YES_ERROR;
				CLANG_WARN_QUOTED_INCLUDE_IN_FRAMEWORK_HEADER = YES;
				CLANG_WARN_RANGE_LOOP_ANALYSIS = YES;
				CLANG_WARN_STRICT_PROTOTYPES = YES;
				CLANG_WARN_SUSPICIOUS_MOVE = YES;
				CLANG_WARN_UNGUARDED_AVAILABILITY = YES_AGGRESSIVE;
				CLANG_WARN_UNREACHABLE_CODE = YES;
				CLANG_WARN__DUPLICATE_METHOD_MATCH = YES;
				COPY_PHASE_STRIP = NO;
				DEBUG_INFORMATION_FORMAT = "dwarf-with-dsym";
				ENABLE_NS_ASSERTIONS = NO;
				ENABLE_STRICT_OBJC_MSGSEND = YES;
				GCC_C_LANGUAGE_STANDARD = gnu11;
				GCC_NO_COMMON_BLOCKS = YES;
				GCC_WARN_64_TO_32_BIT_CONVERSION = YES;
				GCC_WARN_ABOUT_RETURN_TYPE = YES_ERROR;
				GCC_WARN_UNDECLARED_SELECTOR = YES;
				GCC_WARN_UNINITIALIZED_AUTOS = YES_AGGRESSIVE;
				GCC_WARN_UNUSED_FUNCTION = YES;
				GCC_WARN_UNUSED_VARIABLE = YES;
				IPHONEOS_DEPLOYMENT_TARGET = 16.4;
				MTL_ENABLE_DEBUG_INFO = NO;
				MTL_FAST_MATH = YES;
				SDKROOT = iphoneos;
				SWIFT_COMPILATION_MODE = wholemodule;
				SWIFT_OPTIMIZATION_LEVEL = "-O";
				VALIDATE_PRODUCT = YES;
			};
			name = Release;
		};
		08D5ED8D2A15FFE60053EDC3 /* Debug */ = {
			isa = XCBuildConfiguration;
			buildSettings = {
				ASSETCATALOG_COMPILER_APPICON_NAME = AppIcon;
				ASSETCATALOG_COMPILER_GLOBAL_ACCENT_COLOR_NAME = AccentColor;
				CODE_SIGN_STYLE = Automatic;
				CURRENT_PROJECT_VERSION = 1;
				DEVELOPMENT_ASSET_PATHS = "\"AnimatedSet/Preview Content\"";
				DEVELOPMENT_TEAM = 472Y6UAR52;
				ENABLE_PREVIEWS = YES;
				GENERATE_INFOPLIST_FILE = YES;
				INFOPLIST_KEY_UIApplicationSceneManifest_Generation = YES;
				INFOPLIST_KEY_UIApplicationSupportsIndirectInputEvents = YES;
				INFOPLIST_KEY_UILaunchScreen_Generation = YES;
				INFOPLIST_KEY_UISupportedInterfaceOrientations_iPad = "UIInterfaceOrientationPortrait UIInterfaceOrientationPortraitUpsideDown UIInterfaceOrientationLandscapeLeft UIInterfaceOrientationLandscapeRight";
				INFOPLIST_KEY_UISupportedInterfaceOrientations_iPhone = "UIInterfaceOrientationPortrait UIInterfaceOrientationLandscapeLeft UIInterfaceOrientationLandscapeRight";
				LD_RUNPATH_SEARCH_PATHS = (
					"$(inherited)",
					"@executable_path/Frameworks",
				);
				MARKETING_VERSION = 1.0;
				PRODUCT_BUNDLE_IDENTIFIER = dev.vdberg.AnimatedSet;
				PRODUCT_NAME = "$(TARGET_NAME)";
				SWIFT_EMIT_LOC_STRINGS = YES;
				SWIFT_VERSION = 5.0;
				TARGETED_DEVICE_FAMILY = "1,2";
			};
			name = Debug;
		};
		08D5ED8E2A15FFE60053EDC3 /* Release */ = {
			isa = XCBuildConfiguration;
			buildSettings = {
				ASSETCATALOG_COMPILER_APPICON_NAME = AppIcon;
				ASSETCATALOG_COMPILER_GLOBAL_ACCENT_COLOR_NAME = AccentColor;
				CODE_SIGN_STYLE = Automatic;
				CURRENT_PROJECT_VERSION = 1;
				DEVELOPMENT_ASSET_PATHS = "\"AnimatedSet/Preview Content\"";
				DEVELOPMENT_TEAM = 472Y6UAR52;
				ENABLE_PREVIEWS = YES;
				GENERATE_INFOPLIST_FILE = YES;
				INFOPLIST_KEY_UIApplicationSceneManifest_Generation = YES;
				INFOPLIST_KEY_UIApplicationSupportsIndirectInputEvents = YES;
				INFOPLIST_KEY_UILaunchScreen_Generation = YES;
				INFOPLIST_KEY_UISupportedInterfaceOrientations_iPad = "UIInterfaceOrientationPortrait UIInterfaceOrientationPortraitUpsideDown UIInterfaceOrientationLandscapeLeft UIInterfaceOrientationLandscapeRight";
				INFOPLIST_KEY_UISupportedInterfaceOrientations_iPhone = "UIInterfaceOrientationPortrait UIInterfaceOrientationLandscapeLeft UIInterfaceOrientationLandscapeRight";
				LD_RUNPATH_SEARCH_PATHS = (
					"$(inherited)",
					"@executable_path/Frameworks",
				);
				MARKETING_VERSION = 1.0;
				PRODUCT_BUNDLE_IDENTIFIER = dev.vdberg.AnimatedSet;
				PRODUCT_NAME = "$(TARGET_NAME)";
				SWIFT_EMIT_LOC_STRINGS = YES;
				SWIFT_VERSION = 5.0;
				TARGETED_DEVICE_FAMILY = "1,2";
			};
			name = Release;
		};
/* End XCBuildConfiguration section */

/* Begin XCConfigurationList section */
		08D5ED792A15FFE50053EDC3 /* Build configuration list for PBXProject "AnimatedSet" */ = {
			isa = XCConfigurationList;
			buildConfigurations = (
				08D5ED8A2A15FFE60053EDC3 /* Debug */,
				08D5ED8B2A15FFE60053EDC3 /* Release */,
			);
			defaultConfigurationIsVisible = 0;
			defaultConfigurationName = Release;
		};
		08D5ED8C2A15FFE60053EDC3 /* Build configuration list for PBXNativeTarget "AnimatedSet" */ = {
			isa = XCConfigurationList;
			buildConfigurations = (
				08D5ED8D2A15FFE60053EDC3 /* Debug */,
				08D5ED8E2A15FFE60053EDC3 /* Release */,
			);
			defaultConfigurationIsVisible = 0;
			defaultConfigurationName = Release;
		};
/* End XCConfigurationList section */
	};
	rootObject = 08D5ED762A15FFE50053EDC3 /* Project object */;
}
